
Microsoft Visual Studio Solution File, Format Version 12.00
# Visual Studio Version 17
VisualStudioVersion = 17.10.35013.160
MinimumVisualStudioVersion = 10.0.40219.1
Project("{9A19103F-16F7-4668-BE54-9A1E7A4F7556}") = "Project_A", "Project_A\Project_A.csproj", "{34E05C77-C8D0-4C58-B3EA-C1031D2CCF54}"
EndProject
Project("{FAE04EC0-301F-11D3-BF4B-00C04F79EFBC}") = "Project_A_MSTest", "Project_A_MSTest\Project_A_MSTest.csproj", "{98CD2A61-5C5A-4885-B5EF-6B6A8E6D21FA}"
	ProjectSection(ProjectDependencies) = postProject
		{34E05C77-C8D0-4C58-B3EA-C1031D2CCF54} = {34E05C77-C8D0-4C58-B3EA-C1031D2CCF54}
	EndProjectSection
EndProject
Global
	GlobalSection(SolutionConfigurationPlatforms) = preSolution
		Debug|Any CPU = Debug|Any CPU
		Release|Any CPU = Release|Any CPU
	EndGlobalSection
	GlobalSection(ProjectConfigurationPlatforms) = postSolution
		{34E05C77-C8D0-4C58-B3EA-C1031D2CCF54}.Debug|Any CPU.ActiveCfg = Debug|Any CPU
		{34E05C77-C8D0-4C58-B3EA-C1031D2CCF54}.Debug|Any CPU.Build.0 = Debug|Any CPU
		{34E05C77-C8D0-4C58-B3EA-C1031D2CCF54}.Release|Any CPU.ActiveCfg = Release|Any CPU
		{34E05C77-C8D0-4C58-B3EA-C1031D2CCF54}.Release|Any CPU.Build.0 = Release|Any CPU
		{98CD2A61-5C5A-4885-B5EF-6B6A8E6D21FA}.Debug|Any CPU.ActiveCfg = Debug|Any CPU
		{98CD2A61-5C5A-4885-B5EF-6B6A8E6D21FA}.Debug|Any CPU.Build.0 = Debug|Any CPU
		{98CD2A61-5C5A-4885-B5EF-6B6A8E6D21FA}.Release|Any CPU.ActiveCfg = Release|Any CPU
		{98CD2A61-5C5A-4885-B5EF-6B6A8E6D21FA}.Release|Any CPU.Build.0 = Release|Any CPU
	EndGlobalSection
	GlobalSection(SolutionProperties) = preSolution
		HideSolutionNode = FALSE
	EndGlobalSection
	GlobalSection(ExtensibilityGlobals) = postSolution
		SolutionGuid = {9FA8055E-30DC-4869-92C2-D4EAE25E480C}
	EndGlobalSection
EndGlobal
